
Microsoft Visual Studio Solution File, Format Version 12.00
# Visual Studio Version 17
VisualStudioVersion = 17.10.35013.160
MinimumVisualStudioVersion = 10.0.40219.1
Project("{9A19103F-16F7-4668-BE54-9A1E7A4F7556}") = "WepApp-MVC", "MVC_Day2\WepApp-MVC.csproj", "{90AE177A-B21F-4261-80A1-B1D0FF66B5F8}"
EndProject
Global
	GlobalSection(SolutionConfigurationPlatforms) = preSolution
		Debug|Any CPU = Debug|Any CPU
		Release|Any CPU = Release|Any CPU
	EndGlobalSection
	GlobalSection(ProjectConfigurationPlatforms) = postSolution
		{90AE177A-B21F-4261-80A1-B1D0FF66B5F8}.Debug|Any CPU.ActiveCfg = Debug|Any CPU
		{90AE177A-B21F-4261-80A1-B1D0FF66B5F8}.Debug|Any CPU.Build.0 = Debug|Any CPU
		{90AE177A-B21F-4261-80A1-B1D0FF66B5F8}.Release|Any CPU.ActiveCfg = Release|Any CPU
		{90AE177A-B21F-4261-80A1-B1D0FF66B5F8}.Release|Any CPU.Build.0 = Release|Any CPU
	EndGlobalSection
	GlobalSection(SolutionProperties) = preSolution
		HideSolutionNode = FALSE
	EndGlobalSection
	GlobalSection(ExtensibilityGlobals) = postSolution
		SolutionGuid = {3115E331-2898-483E-96C3-233C66ECEF25}
	EndGlobalSection
EndGlobal
